// !$*UTF8*$!
{
	archiveVersion = 1;
	classes = {
	};
	objectVersion = 56;
	objects = {

/* Begin PBXBuildFile section */
		841B0FB52BDBA2770047E442 /* NewsRepositoryImpl.swift in Sources */ = {isa = PBXBuildFile; fileRef = 841B0FB42BDBA2770047E442 /* NewsRepositoryImpl.swift */; };
		841B0FB82BDBA2D80047E442 /* NewsRemoteDataSource.swift in Sources */ = {isa = PBXBuildFile; fileRef = 841B0FB72BDBA2D80047E442 /* NewsRemoteDataSource.swift */; };
		841B0FBD2BDBA3530047E442 /* GetAllNewsUseCase.swift in Sources */ = {isa = PBXBuildFile; fileRef = 841B0FBC2BDBA3530047E442 /* GetAllNewsUseCase.swift */; };
		841B0FBF2BDBA36E0047E442 /* GetSearchNewsUseCase.swift in Sources */ = {isa = PBXBuildFile; fileRef = 841B0FBE2BDBA36E0047E442 /* GetSearchNewsUseCase.swift */; };
		841B0FC12BDBA38E0047E442 /* DeleteSavedNewsUseCase.swift in Sources */ = {isa = PBXBuildFile; fileRef = 841B0FC02BDBA38E0047E442 /* DeleteSavedNewsUseCase.swift */; };
		841B0FC32BDBA39F0047E442 /* GetSavedNewsUseCase.swift in Sources */ = {isa = PBXBuildFile; fileRef = 841B0FC22BDBA39F0047E442 /* GetSavedNewsUseCase.swift */; };
		841B0FC52BDBA3B40047E442 /* SaveNewsUseCase.swift in Sources */ = {isa = PBXBuildFile; fileRef = 841B0FC42BDBA3B40047E442 /* SaveNewsUseCase.swift */; };
		841B0FC82BDBA4020047E442 /* NewsRemoteDataSourceImpl.swift in Sources */ = {isa = PBXBuildFile; fileRef = 841B0FC72BDBA4020047E442 /* NewsRemoteDataSourceImpl.swift */; };
		B21306552BDE145400D1CF1D /* LoginViewModel.swift in Sources */ = {isa = PBXBuildFile; fileRef = B21306542BDE145400D1CF1D /* LoginViewModel.swift */; };
		B21306572BDE153200D1CF1D /* AuthRepository.swift in Sources */ = {isa = PBXBuildFile; fileRef = B21306562BDE153200D1CF1D /* AuthRepository.swift */; };
		B213065A2BDE15DB00D1CF1D /* LoginEmailUseCase.swift in Sources */ = {isa = PBXBuildFile; fileRef = B21306592BDE15DB00D1CF1D /* LoginEmailUseCase.swift */; };
		B213065C2BDE15E700D1CF1D /* GoogleLoginUseCase.swift in Sources */ = {isa = PBXBuildFile; fileRef = B213065B2BDE15E700D1CF1D /* GoogleLoginUseCase.swift */; };
		B213065E2BDE15FA00D1CF1D /* FetchUserUseCase.swift in Sources */ = {isa = PBXBuildFile; fileRef = B213065D2BDE15FA00D1CF1D /* FetchUserUseCase.swift */; };
		B21306602BDE162B00D1CF1D /* User.swift in Sources */ = {isa = PBXBuildFile; fileRef = B213065F2BDE162B00D1CF1D /* User.swift */; };
		B21306622BDE164F00D1CF1D /* CreateUserUseCase.swift in Sources */ = {isa = PBXBuildFile; fileRef = B21306612BDE164F00D1CF1D /* CreateUserUseCase.swift */; };
		B21306642BDE16B200D1CF1D /* SignOutUseCase.swift in Sources */ = {isa = PBXBuildFile; fileRef = B21306632BDE16B200D1CF1D /* SignOutUseCase.swift */; };
		B21306662BDE16C000D1CF1D /* SaveUserUseCase.swift in Sources */ = {isa = PBXBuildFile; fileRef = B21306652BDE16C000D1CF1D /* SaveUserUseCase.swift */; };
		B21306682BDE16FA00D1CF1D /* AuthRepositoryImpl.swift in Sources */ = {isa = PBXBuildFile; fileRef = B21306672BDE16FA00D1CF1D /* AuthRepositoryImpl.swift */; };
		B213066B2BDE19D900D1CF1D /* FirebaseAuthDataSource.swift in Sources */ = {isa = PBXBuildFile; fileRef = B213066A2BDE19D900D1CF1D /* FirebaseAuthDataSource.swift */; };
		B213066E2BDE1A1300D1CF1D /* FirebaseAuthDataSourceImpl.swift in Sources */ = {isa = PBXBuildFile; fileRef = B213066D2BDE1A1300D1CF1D /* FirebaseAuthDataSourceImpl.swift */; };
		B21306702BDE1A9000D1CF1D /* TopViewUtil.swift in Sources */ = {isa = PBXBuildFile; fileRef = B213066F2BDE1A9000D1CF1D /* TopViewUtil.swift */; };
		B21306722BDE1AD700D1CF1D /* AuthError.swift in Sources */ = {isa = PBXBuildFile; fileRef = B21306712BDE1AD700D1CF1D /* AuthError.swift */; };
		B228359D2BD789390039E9CC /* NewsAPIService.swift in Sources */ = {isa = PBXBuildFile; fileRef = B228359C2BD789390039E9CC /* NewsAPIService.swift */; };
		B22835A02BD78BCA0039E9CC /* APIError.swift in Sources */ = {isa = PBXBuildFile; fileRef = B228359F2BD78BCA0039E9CC /* APIError.swift */; };
		B22835A22BD78E560039E9CC /* AppViewModel.swift in Sources */ = {isa = PBXBuildFile; fileRef = B22835A12BD78E560039E9CC /* AppViewModel.swift */; };
		B22835A42BD78E880039E9CC /* AlertView.swift in Sources */ = {isa = PBXBuildFile; fileRef = B22835A32BD78E880039E9CC /* AlertView.swift */; };
		B22835A82BD7953B0039E9CC /* Outfit-Light.ttf in Resources */ = {isa = PBXBuildFile; fileRef = B22835A72BD7953B0039E9CC /* Outfit-Light.ttf */; };
		B22835AB2BD79CAF0039E9CC /* DetailView.swift in Sources */ = {isa = PBXBuildFile; fileRef = B22835AA2BD79CAF0039E9CC /* DetailView.swift */; };
		B22C33282BD5362400D6A63A /* HomeView.swift in Sources */ = {isa = PBXBuildFile; fileRef = B22C33272BD5362400D6A63A /* HomeView.swift */; };
		B22C332A2BD569E200D6A63A /* ActionButton.swift in Sources */ = {isa = PBXBuildFile; fileRef = B22C33292BD569E200D6A63A /* ActionButton.swift */; };
		B22C332E2BD56B7C00D6A63A /* NewsCard.swift in Sources */ = {isa = PBXBuildFile; fileRef = B22C332D2BD56B7C00D6A63A /* NewsCard.swift */; };
		B22C33322BD5754800D6A63A /* NewsFetch.swift in Sources */ = {isa = PBXBuildFile; fileRef = B22C33312BD5754800D6A63A /* NewsFetch.swift */; };
		B22C33342BD57DF600D6A63A /* NewsCardColor.swift in Sources */ = {isa = PBXBuildFile; fileRef = B22C33332BD57DF600D6A63A /* NewsCardColor.swift */; };
		B22C333A2BD5853700D6A63A /* Outfit-Medium.ttf in Resources */ = {isa = PBXBuildFile; fileRef = B22C33362BD5853700D6A63A /* Outfit-Medium.ttf */; };
		B22C333C2BD5853700D6A63A /* Outfit-Regular.ttf in Resources */ = {isa = PBXBuildFile; fileRef = B22C33382BD5853700D6A63A /* Outfit-Regular.ttf */; };
		B22C333D2BD5853700D6A63A /* Outfit-Black.ttf in Resources */ = {isa = PBXBuildFile; fileRef = B22C33392BD5853700D6A63A /* Outfit-Black.ttf */; };
		B22C333F2BD5855500D6A63A /* Outfit-Bold.ttf in Resources */ = {isa = PBXBuildFile; fileRef = B22C333E2BD5855500D6A63A /* Outfit-Bold.ttf */; };
		B22C33412BD5859A00D6A63A /* FontExtension.swift in Sources */ = {isa = PBXBuildFile; fileRef = B22C33402BD5859A00D6A63A /* FontExtension.swift */; };
		B22C33462BD58F4D00D6A63A /* MainTabView.swift in Sources */ = {isa = PBXBuildFile; fileRef = B22C33452BD58F4D00D6A63A /* MainTabView.swift */; };
		B22C334B2BD58F9200D6A63A /* SearchView.swift in Sources */ = {isa = PBXBuildFile; fileRef = B22C334A2BD58F9200D6A63A /* SearchView.swift */; };
		B22C334D2BD58F9C00D6A63A /* SavedView.swift in Sources */ = {isa = PBXBuildFile; fileRef = B22C334C2BD58F9C00D6A63A /* SavedView.swift */; };
		B243A8A22BDE2C1D000685F5 /* GoogleButton.swift in Sources */ = {isa = PBXBuildFile; fileRef = B243A8A12BDE2C1D000685F5 /* GoogleButton.swift */; };
		B243A8A42BDE30B6000685F5 /* WaveUnderline.swift in Sources */ = {isa = PBXBuildFile; fileRef = B243A8A32BDE30B6000685F5 /* WaveUnderline.swift */; };
		B243A8A62BDE3F6F000685F5 /* NewsFirebaseDataSource.swift in Sources */ = {isa = PBXBuildFile; fileRef = B243A8A52BDE3F6F000685F5 /* NewsFirebaseDataSource.swift */; };
		B243A8A82BDE4021000685F5 /* NewsFirebaseDataSourceImpl.swift in Sources */ = {isa = PBXBuildFile; fileRef = B243A8A72BDE4021000685F5 /* NewsFirebaseDataSourceImpl.swift */; };
		B243A8AC2BDE7797000685F5 /* PeanutShape.swift in Sources */ = {isa = PBXBuildFile; fileRef = B243A8AB2BDE7797000685F5 /* PeanutShape.swift */; };
		B26FC59C2BDD54B3001A73B1 /* SlideNewsDatabase.swift in Sources */ = {isa = PBXBuildFile; fileRef = B26FC59B2BDD54B3001A73B1 /* SlideNewsDatabase.swift */; };
		B26FC59E2BDD5D13001A73B1 /* ArticleEntity.swift in Sources */ = {isa = PBXBuildFile; fileRef = B26FC59D2BDD5D13001A73B1 /* ArticleEntity.swift */; };
		B26FC5A02BDD6AFD001A73B1 /* NewsDao.swift in Sources */ = {isa = PBXBuildFile; fileRef = B26FC59F2BDD6AFD001A73B1 /* NewsDao.swift */; };
		B26FC5A62BDD7E6E001A73B1 /* NewsLocalDataSource.swift in Sources */ = {isa = PBXBuildFile; fileRef = B26FC5A52BDD7E6E001A73B1 /* NewsLocalDataSource.swift */; };
		B26FC5AA2BDD7EBE001A73B1 /* NewsLocalDataSourceImpl.swift in Sources */ = {isa = PBXBuildFile; fileRef = B26FC5A92BDD7EBE001A73B1 /* NewsLocalDataSourceImpl.swift */; };
		B26FC5AC2BDD8563001A73B1 /* DBError.swift in Sources */ = {isa = PBXBuildFile; fileRef = B26FC5AB2BDD8563001A73B1 /* DBError.swift */; };
		B26FC5AF2BDD8B70001A73B1 /* LoginView.swift in Sources */ = {isa = PBXBuildFile; fileRef = B26FC5AE2BDD8B70001A73B1 /* LoginView.swift */; };
		B26FC5B22BDD8D90001A73B1 /* DateFormatter.swift in Sources */ = {isa = PBXBuildFile; fileRef = B26FC5B12BDD8D90001A73B1 /* DateFormatter.swift */; };
		B26FC5B42BDD95D9001A73B1 /* InputView.swift in Sources */ = {isa = PBXBuildFile; fileRef = B26FC5B32BDD95D9001A73B1 /* InputView.swift */; };
		B26FC5B62BDDA1FC001A73B1 /* LoginButton.swift in Sources */ = {isa = PBXBuildFile; fileRef = B26FC5B52BDDA1FC001A73B1 /* LoginButton.swift */; };
		B26FC5B92BDDAA85001A73B1 /* GoogleSignIn in Frameworks */ = {isa = PBXBuildFile; productRef = B26FC5B82BDDAA85001A73B1 /* GoogleSignIn */; };
		B26FC5BB2BDDAA85001A73B1 /* GoogleSignInSwift in Frameworks */ = {isa = PBXBuildFile; productRef = B26FC5BA2BDDAA85001A73B1 /* GoogleSignInSwift */; };
		B26FC5BE2BDDAAF6001A73B1 /* FirebaseAuth in Frameworks */ = {isa = PBXBuildFile; productRef = B26FC5BD2BDDAAF6001A73B1 /* FirebaseAuth */; };
		B26FC5C02BDDAAF6001A73B1 /* FirebaseFirestore in Frameworks */ = {isa = PBXBuildFile; productRef = B26FC5BF2BDDAAF6001A73B1 /* FirebaseFirestore */; };
		B26FC5C22BDDAAF6001A73B1 /* FirebaseFirestoreSwift in Frameworks */ = {isa = PBXBuildFile; productRef = B26FC5C12BDDAAF6001A73B1 /* FirebaseFirestoreSwift */; };
		B26FC5C42BDDAB38001A73B1 /* GoogleService-Info.plist in Resources */ = {isa = PBXBuildFile; fileRef = B26FC5C32BDDAB38001A73B1 /* GoogleService-Info.plist */; };
		B2B818F62BD53204008EA638 /* SlideNewsApp.swift in Sources */ = {isa = PBXBuildFile; fileRef = B2B818F52BD53204008EA638 /* SlideNewsApp.swift */; };
		B2B818FA2BD53206008EA638 /* Assets.xcassets in Resources */ = {isa = PBXBuildFile; fileRef = B2B818F92BD53206008EA638 /* Assets.xcassets */; };
		B2B818FD2BD53206008EA638 /* Preview Assets.xcassets in Resources */ = {isa = PBXBuildFile; fileRef = B2B818FC2BD53206008EA638 /* Preview Assets.xcassets */; };
		B2B8F88A2BDADB0F0069ED7D /* NewsRepository.swift in Sources */ = {isa = PBXBuildFile; fileRef = B2B8F8892BDADB0F0069ED7D /* NewsRepository.swift */; };
		B2B8F88C2BDAF2D80069ED7D /* SearchCardItem.swift in Sources */ = {isa = PBXBuildFile; fileRef = B2B8F88B2BDAF2D80069ED7D /* SearchCardItem.swift */; };
		B2E86E2B2BE022E500ED4924 /* AuthenticationFormProtocol.swift in Sources */ = {isa = PBXBuildFile; fileRef = B2E86E2A2BE022E500ED4924 /* AuthenticationFormProtocol.swift */; };
		B2E86E2D2BE0234200ED4924 /* AnyRoundedCorner.swift in Sources */ = {isa = PBXBuildFile; fileRef = B2E86E2C2BE0234200ED4924 /* AnyRoundedCorner.swift */; };
/* End PBXBuildFile section */

/* Begin PBXFileReference section */
		841B0FB42BDBA2770047E442 /* NewsRepositoryImpl.swift */ = {isa = PBXFileReference; lastKnownFileType = sourcecode.swift; path = NewsRepositoryImpl.swift; sourceTree = "<group>"; };
		841B0FB72BDBA2D80047E442 /* NewsRemoteDataSource.swift */ = {isa = PBXFileReference; lastKnownFileType = sourcecode.swift; path = NewsRemoteDataSource.swift; sourceTree = "<group>"; };
		841B0FBC2BDBA3530047E442 /* GetAllNewsUseCase.swift */ = {isa = PBXFileReference; lastKnownFileType = sourcecode.swift; path = GetAllNewsUseCase.swift; sourceTree = "<group>"; };
		841B0FBE2BDBA36E0047E442 /* GetSearchNewsUseCase.swift */ = {isa = PBXFileReference; lastKnownFileType = sourcecode.swift; path = GetSearchNewsUseCase.swift; sourceTree = "<group>"; };
		841B0FC02BDBA38E0047E442 /* DeleteSavedNewsUseCase.swift */ = {isa = PBXFileReference; lastKnownFileType = sourcecode.swift; path = DeleteSavedNewsUseCase.swift; sourceTree = "<group>"; };
		841B0FC22BDBA39F0047E442 /* GetSavedNewsUseCase.swift */ = {isa = PBXFileReference; lastKnownFileType = sourcecode.swift; path = GetSavedNewsUseCase.swift; sourceTree = "<group>"; };
		841B0FC42BDBA3B40047E442 /* SaveNewsUseCase.swift */ = {isa = PBXFileReference; lastKnownFileType = sourcecode.swift; path = SaveNewsUseCase.swift; sourceTree = "<group>"; };
		841B0FC72BDBA4020047E442 /* NewsRemoteDataSourceImpl.swift */ = {isa = PBXFileReference; lastKnownFileType = sourcecode.swift; path = NewsRemoteDataSourceImpl.swift; sourceTree = "<group>"; };
		B21306542BDE145400D1CF1D /* LoginViewModel.swift */ = {isa = PBXFileReference; lastKnownFileType = sourcecode.swift; path = LoginViewModel.swift; sourceTree = "<group>"; };
		B21306562BDE153200D1CF1D /* AuthRepository.swift */ = {isa = PBXFileReference; lastKnownFileType = sourcecode.swift; path = AuthRepository.swift; sourceTree = "<group>"; };
		B21306592BDE15DB00D1CF1D /* LoginEmailUseCase.swift */ = {isa = PBXFileReference; lastKnownFileType = sourcecode.swift; path = LoginEmailUseCase.swift; sourceTree = "<group>"; };
		B213065B2BDE15E700D1CF1D /* GoogleLoginUseCase.swift */ = {isa = PBXFileReference; lastKnownFileType = sourcecode.swift; path = GoogleLoginUseCase.swift; sourceTree = "<group>"; };
		B213065D2BDE15FA00D1CF1D /* FetchUserUseCase.swift */ = {isa = PBXFileReference; lastKnownFileType = sourcecode.swift; path = FetchUserUseCase.swift; sourceTree = "<group>"; };
		B213065F2BDE162B00D1CF1D /* User.swift */ = {isa = PBXFileReference; lastKnownFileType = sourcecode.swift; path = User.swift; sourceTree = "<group>"; };
		B21306612BDE164F00D1CF1D /* CreateUserUseCase.swift */ = {isa = PBXFileReference; lastKnownFileType = sourcecode.swift; path = CreateUserUseCase.swift; sourceTree = "<group>"; };
		B21306632BDE16B200D1CF1D /* SignOutUseCase.swift */ = {isa = PBXFileReference; lastKnownFileType = sourcecode.swift; path = SignOutUseCase.swift; sourceTree = "<group>"; };
		B21306652BDE16C000D1CF1D /* SaveUserUseCase.swift */ = {isa = PBXFileReference; lastKnownFileType = sourcecode.swift; path = SaveUserUseCase.swift; sourceTree = "<group>"; };
		B21306672BDE16FA00D1CF1D /* AuthRepositoryImpl.swift */ = {isa = PBXFileReference; lastKnownFileType = sourcecode.swift; path = AuthRepositoryImpl.swift; sourceTree = "<group>"; };
		B213066A2BDE19D900D1CF1D /* FirebaseAuthDataSource.swift */ = {isa = PBXFileReference; lastKnownFileType = sourcecode.swift; path = FirebaseAuthDataSource.swift; sourceTree = "<group>"; };
		B213066D2BDE1A1300D1CF1D /* FirebaseAuthDataSourceImpl.swift */ = {isa = PBXFileReference; lastKnownFileType = sourcecode.swift; path = FirebaseAuthDataSourceImpl.swift; sourceTree = "<group>"; };
		B213066F2BDE1A9000D1CF1D /* TopViewUtil.swift */ = {isa = PBXFileReference; lastKnownFileType = sourcecode.swift; path = TopViewUtil.swift; sourceTree = "<group>"; };
		B21306712BDE1AD700D1CF1D /* AuthError.swift */ = {isa = PBXFileReference; lastKnownFileType = sourcecode.swift; path = AuthError.swift; sourceTree = "<group>"; };
		B228359C2BD789390039E9CC /* NewsAPIService.swift */ = {isa = PBXFileReference; lastKnownFileType = sourcecode.swift; path = NewsAPIService.swift; sourceTree = "<group>"; };
		B228359F2BD78BCA0039E9CC /* APIError.swift */ = {isa = PBXFileReference; lastKnownFileType = sourcecode.swift; path = APIError.swift; sourceTree = "<group>"; };
		B22835A12BD78E560039E9CC /* AppViewModel.swift */ = {isa = PBXFileReference; lastKnownFileType = sourcecode.swift; path = AppViewModel.swift; sourceTree = "<group>"; };
		B22835A32BD78E880039E9CC /* AlertView.swift */ = {isa = PBXFileReference; lastKnownFileType = sourcecode.swift; path = AlertView.swift; sourceTree = "<group>"; };
		B22835A72BD7953B0039E9CC /* Outfit-Light.ttf */ = {isa = PBXFileReference; lastKnownFileType = file; path = "Outfit-Light.ttf"; sourceTree = "<group>"; };
		B22835AA2BD79CAF0039E9CC /* DetailView.swift */ = {isa = PBXFileReference; lastKnownFileType = sourcecode.swift; path = DetailView.swift; sourceTree = "<group>"; };
		B22C33272BD5362400D6A63A /* HomeView.swift */ = {isa = PBXFileReference; lastKnownFileType = sourcecode.swift; path = HomeView.swift; sourceTree = "<group>"; };
		B22C33292BD569E200D6A63A /* ActionButton.swift */ = {isa = PBXFileReference; lastKnownFileType = sourcecode.swift; path = ActionButton.swift; sourceTree = "<group>"; };
		B22C332D2BD56B7C00D6A63A /* NewsCard.swift */ = {isa = PBXFileReference; lastKnownFileType = sourcecode.swift; path = NewsCard.swift; sourceTree = "<group>"; };
		B22C33312BD5754800D6A63A /* NewsFetch.swift */ = {isa = PBXFileReference; lastKnownFileType = sourcecode.swift; path = NewsFetch.swift; sourceTree = "<group>"; };
		B22C33332BD57DF600D6A63A /* NewsCardColor.swift */ = {isa = PBXFileReference; lastKnownFileType = sourcecode.swift; path = NewsCardColor.swift; sourceTree = "<group>"; };
		B22C33362BD5853700D6A63A /* Outfit-Medium.ttf */ = {isa = PBXFileReference; lastKnownFileType = file; path = "Outfit-Medium.ttf"; sourceTree = "<group>"; };
		B22C33382BD5853700D6A63A /* Outfit-Regular.ttf */ = {isa = PBXFileReference; lastKnownFileType = file; path = "Outfit-Regular.ttf"; sourceTree = "<group>"; };
		B22C33392BD5853700D6A63A /* Outfit-Black.ttf */ = {isa = PBXFileReference; lastKnownFileType = file; path = "Outfit-Black.ttf"; sourceTree = "<group>"; };
		B22C333E2BD5855500D6A63A /* Outfit-Bold.ttf */ = {isa = PBXFileReference; lastKnownFileType = file; path = "Outfit-Bold.ttf"; sourceTree = "<group>"; };
		B22C33402BD5859A00D6A63A /* FontExtension.swift */ = {isa = PBXFileReference; lastKnownFileType = sourcecode.swift; path = FontExtension.swift; sourceTree = "<group>"; };
		B22C33422BD5867D00D6A63A /* Info.plist */ = {isa = PBXFileReference; lastKnownFileType = text.plist; path = Info.plist; sourceTree = "<group>"; };
		B22C33452BD58F4D00D6A63A /* MainTabView.swift */ = {isa = PBXFileReference; lastKnownFileType = sourcecode.swift; path = MainTabView.swift; sourceTree = "<group>"; };
		B22C334A2BD58F9200D6A63A /* SearchView.swift */ = {isa = PBXFileReference; lastKnownFileType = sourcecode.swift; path = SearchView.swift; sourceTree = "<group>"; };
		B22C334C2BD58F9C00D6A63A /* SavedView.swift */ = {isa = PBXFileReference; lastKnownFileType = sourcecode.swift; path = SavedView.swift; sourceTree = "<group>"; };
		B243A8A12BDE2C1D000685F5 /* GoogleButton.swift */ = {isa = PBXFileReference; lastKnownFileType = sourcecode.swift; path = GoogleButton.swift; sourceTree = "<group>"; };
		B243A8A32BDE30B6000685F5 /* WaveUnderline.swift */ = {isa = PBXFileReference; lastKnownFileType = sourcecode.swift; path = WaveUnderline.swift; sourceTree = "<group>"; };
		B243A8A52BDE3F6F000685F5 /* NewsFirebaseDataSource.swift */ = {isa = PBXFileReference; lastKnownFileType = sourcecode.swift; path = NewsFirebaseDataSource.swift; sourceTree = "<group>"; };
		B243A8A72BDE4021000685F5 /* NewsFirebaseDataSourceImpl.swift */ = {isa = PBXFileReference; lastKnownFileType = sourcecode.swift; path = NewsFirebaseDataSourceImpl.swift; sourceTree = "<group>"; };
		B243A8AB2BDE7797000685F5 /* PeanutShape.swift */ = {isa = PBXFileReference; lastKnownFileType = sourcecode.swift; path = PeanutShape.swift; sourceTree = "<group>"; };
		B26FC59B2BDD54B3001A73B1 /* SlideNewsDatabase.swift */ = {isa = PBXFileReference; lastKnownFileType = sourcecode.swift; path = SlideNewsDatabase.swift; sourceTree = "<group>"; };
		B26FC59D2BDD5D13001A73B1 /* ArticleEntity.swift */ = {isa = PBXFileReference; lastKnownFileType = sourcecode.swift; path = ArticleEntity.swift; sourceTree = "<group>"; };
		B26FC59F2BDD6AFD001A73B1 /* NewsDao.swift */ = {isa = PBXFileReference; lastKnownFileType = sourcecode.swift; path = NewsDao.swift; sourceTree = "<group>"; };
		B26FC5A52BDD7E6E001A73B1 /* NewsLocalDataSource.swift */ = {isa = PBXFileReference; lastKnownFileType = sourcecode.swift; path = NewsLocalDataSource.swift; sourceTree = "<group>"; };
		B26FC5A92BDD7EBE001A73B1 /* NewsLocalDataSourceImpl.swift */ = {isa = PBXFileReference; lastKnownFileType = sourcecode.swift; path = NewsLocalDataSourceImpl.swift; sourceTree = "<group>"; };
		B26FC5AB2BDD8563001A73B1 /* DBError.swift */ = {isa = PBXFileReference; lastKnownFileType = sourcecode.swift; path = DBError.swift; sourceTree = "<group>"; };
		B26FC5AE2BDD8B70001A73B1 /* LoginView.swift */ = {isa = PBXFileReference; lastKnownFileType = sourcecode.swift; path = LoginView.swift; sourceTree = "<group>"; };
		B26FC5B12BDD8D90001A73B1 /* DateFormatter.swift */ = {isa = PBXFileReference; lastKnownFileType = sourcecode.swift; path = DateFormatter.swift; sourceTree = "<group>"; };
		B26FC5B32BDD95D9001A73B1 /* InputView.swift */ = {isa = PBXFileReference; lastKnownFileType = sourcecode.swift; path = InputView.swift; sourceTree = "<group>"; };
		B26FC5B52BDDA1FC001A73B1 /* LoginButton.swift */ = {isa = PBXFileReference; lastKnownFileType = sourcecode.swift; path = LoginButton.swift; sourceTree = "<group>"; };
		B26FC5C32BDDAB38001A73B1 /* GoogleService-Info.plist */ = {isa = PBXFileReference; fileEncoding = 4; lastKnownFileType = text.plist.xml; path = "GoogleService-Info.plist"; sourceTree = "<group>"; };
		B2B818F22BD53204008EA638 /* SlideNews.app */ = {isa = PBXFileReference; explicitFileType = wrapper.application; includeInIndex = 0; path = SlideNews.app; sourceTree = BUILT_PRODUCTS_DIR; };
		B2B818F52BD53204008EA638 /* SlideNewsApp.swift */ = {isa = PBXFileReference; lastKnownFileType = sourcecode.swift; path = SlideNewsApp.swift; sourceTree = "<group>"; };
		B2B818F92BD53206008EA638 /* Assets.xcassets */ = {isa = PBXFileReference; lastKnownFileType = folder.assetcatalog; path = Assets.xcassets; sourceTree = "<group>"; };
		B2B818FC2BD53206008EA638 /* Preview Assets.xcassets */ = {isa = PBXFileReference; lastKnownFileType = folder.assetcatalog; path = "Preview Assets.xcassets"; sourceTree = "<group>"; };
		B2B8F8892BDADB0F0069ED7D /* NewsRepository.swift */ = {isa = PBXFileReference; lastKnownFileType = sourcecode.swift; path = NewsRepository.swift; sourceTree = "<group>"; };
		B2B8F88B2BDAF2D80069ED7D /* SearchCardItem.swift */ = {isa = PBXFileReference; lastKnownFileType = sourcecode.swift; path = SearchCardItem.swift; sourceTree = "<group>"; };
		B2E86E2A2BE022E500ED4924 /* AuthenticationFormProtocol.swift */ = {isa = PBXFileReference; lastKnownFileType = sourcecode.swift; path = AuthenticationFormProtocol.swift; sourceTree = "<group>"; };
		B2E86E2C2BE0234200ED4924 /* AnyRoundedCorner.swift */ = {isa = PBXFileReference; lastKnownFileType = sourcecode.swift; path = AnyRoundedCorner.swift; sourceTree = "<group>"; };
/* End PBXFileReference section */

/* Begin PBXFrameworksBuildPhase section */
		B2B818EF2BD53204008EA638 /* Frameworks */ = {
			isa = PBXFrameworksBuildPhase;
			buildActionMask = 2147483647;
			files = (
				B26FC5C22BDDAAF6001A73B1 /* FirebaseFirestoreSwift in Frameworks */,
				B26FC5B92BDDAA85001A73B1 /* GoogleSignIn in Frameworks */,
				B26FC5C02BDDAAF6001A73B1 /* FirebaseFirestore in Frameworks */,
				B26FC5BE2BDDAAF6001A73B1 /* FirebaseAuth in Frameworks */,
				B26FC5BB2BDDAA85001A73B1 /* GoogleSignInSwift in Frameworks */,
			);
			runOnlyForDeploymentPostprocessing = 0;
		};
/* End PBXFrameworksBuildPhase section */

/* Begin PBXGroup section */
		841B0FB02BDBA22B0047E442 /* usecase */ = {
			isa = PBXGroup;
			children = (
				841B0FB92BDBA3280047E442 /* news */,
				B21306582BDE15BF00D1CF1D /* auth */,
			);
			path = usecase;
			sourceTree = "<group>";
		};
		841B0FB12BDBA2350047E442 /* repository */ = {
			isa = PBXGroup;
			children = (
				841B0FB22BDBA24D0047E442 /* dataSource */,
				841B0FB32BDBA2540047E442 /* dataSourceImpl */,
				841B0FB42BDBA2770047E442 /* NewsRepositoryImpl.swift */,
				B21306672BDE16FA00D1CF1D /* AuthRepositoryImpl.swift */,
			);
			path = repository;
			sourceTree = "<group>";
		};
		841B0FB22BDBA24D0047E442 /* dataSource */ = {
			isa = PBXGroup;
			children = (
				841B0FB62BDBA2C20047E442 /* news */,
				B21306692BDE19B500D1CF1D /* auth */,
			);
			path = dataSource;
			sourceTree = "<group>";
		};
		841B0FB32BDBA2540047E442 /* dataSourceImpl */ = {
			isa = PBXGroup;
			children = (
				841B0FC62BDBA3E30047E442 /* news */,
				B213066C2BDE19FE00D1CF1D /* auth */,
			);
			path = dataSourceImpl;
			sourceTree = "<group>";
		};
		841B0FB62BDBA2C20047E442 /* news */ = {
			isa = PBXGroup;
			children = (
				841B0FB72BDBA2D80047E442 /* NewsRemoteDataSource.swift */,
				B26FC5A52BDD7E6E001A73B1 /* NewsLocalDataSource.swift */,
				B243A8A52BDE3F6F000685F5 /* NewsFirebaseDataSource.swift */,
			);
			path = news;
			sourceTree = "<group>";
		};
		841B0FB92BDBA3280047E442 /* news */ = {
			isa = PBXGroup;
			children = (
				841B0FBA2BDBA33B0047E442 /* api */,
				841B0FBB2BDBA33F0047E442 /* db */,
			);
			path = news;
			sourceTree = "<group>";
		};
		841B0FBA2BDBA33B0047E442 /* api */ = {
			isa = PBXGroup;
			children = (
				841B0FBC2BDBA3530047E442 /* GetAllNewsUseCase.swift */,
				841B0FBE2BDBA36E0047E442 /* GetSearchNewsUseCase.swift */,
			);
			path = api;
			sourceTree = "<group>";
		};
		841B0FBB2BDBA33F0047E442 /* db */ = {
			isa = PBXGroup;
			children = (
				841B0FC02BDBA38E0047E442 /* DeleteSavedNewsUseCase.swift */,
				841B0FC22BDBA39F0047E442 /* GetSavedNewsUseCase.swift */,
				841B0FC42BDBA3B40047E442 /* SaveNewsUseCase.swift */,
			);
			path = db;
			sourceTree = "<group>";
		};
		841B0FC62BDBA3E30047E442 /* news */ = {
			isa = PBXGroup;
			children = (
				841B0FC72BDBA4020047E442 /* NewsRemoteDataSourceImpl.swift */,
				B26FC5A92BDD7EBE001A73B1 /* NewsLocalDataSourceImpl.swift */,
				B243A8A72BDE4021000685F5 /* NewsFirebaseDataSourceImpl.swift */,
			);
			path = news;
			sourceTree = "<group>";
		};
		B21306582BDE15BF00D1CF1D /* auth */ = {
			isa = PBXGroup;
			children = (
				B21306592BDE15DB00D1CF1D /* LoginEmailUseCase.swift */,
				B213065B2BDE15E700D1CF1D /* GoogleLoginUseCase.swift */,
				B213065D2BDE15FA00D1CF1D /* FetchUserUseCase.swift */,
				B21306612BDE164F00D1CF1D /* CreateUserUseCase.swift */,
				B21306632BDE16B200D1CF1D /* SignOutUseCase.swift */,
				B21306652BDE16C000D1CF1D /* SaveUserUseCase.swift */,
			);
			path = auth;
			sourceTree = "<group>";
		};
		B21306692BDE19B500D1CF1D /* auth */ = {
			isa = PBXGroup;
			children = (
				B213066A2BDE19D900D1CF1D /* FirebaseAuthDataSource.swift */,
			);
			path = auth;
			sourceTree = "<group>";
		};
		B213066C2BDE19FE00D1CF1D /* auth */ = {
			isa = PBXGroup;
			children = (
				B213066D2BDE1A1300D1CF1D /* FirebaseAuthDataSourceImpl.swift */,
			);
			path = auth;
			sourceTree = "<group>";
		};
		B228359B2BD788D70039E9CC /* api */ = {
			isa = PBXGroup;
			children = (
				B228359C2BD789390039E9CC /* NewsAPIService.swift */,
			);
			path = api;
			sourceTree = "<group>";
		};
		B228359E2BD78BBB0039E9CC /* util */ = {
			isa = PBXGroup;
			children = (
				B228359F2BD78BCA0039E9CC /* APIError.swift */,
				B26FC5AB2BDD8563001A73B1 /* DBError.swift */,
				B21306712BDE1AD700D1CF1D /* AuthError.swift */,
			);
			path = util;
			sourceTree = "<group>";
		};
		B22835A92BD79C9F0039E9CC /* detail */ = {
			isa = PBXGroup;
			children = (
				B22835AA2BD79CAF0039E9CC /* DetailView.swift */,
			);
			path = detail;
			sourceTree = "<group>";
		};
		B22C33232BD5358000D6A63A /* presentation */ = {
			isa = PBXGroup;
			children = (
				B2E86E292BE022CC00ED4924 /* extension */,
				B22C33352BD5850D00D6A63A /* font */,
				B22C33262BD5359300D6A63A /* viewModel */,
				B22C33242BD5358800D6A63A /* screen */,
				B22C33252BD5358D00D6A63A /* view */,
				B26FC5B02BDD8D7D001A73B1 /* util */,
			);
			path = presentation;
			sourceTree = "<group>";
		};
		B22C33242BD5358800D6A63A /* screen */ = {
			isa = PBXGroup;
			children = (
				B26FC5AD2BDD8B52001A73B1 /* login */,
				B22835A92BD79C9F0039E9CC /* detail */,
				B22C332B2BD56B4D00D6A63A /* home */,
				B22C33492BD58F8000D6A63A /* search */,
				B22C33482BD58F7300D6A63A /* saved */,
				B22C33452BD58F4D00D6A63A /* MainTabView.swift */,
			);
			path = screen;
			sourceTree = "<group>";
		};
		B22C33252BD5358D00D6A63A /* view */ = {
			isa = PBXGroup;
			children = (
				B22C33292BD569E200D6A63A /* ActionButton.swift */,
				B22C332D2BD56B7C00D6A63A /* NewsCard.swift */,
				B22835A32BD78E880039E9CC /* AlertView.swift */,
				B2B8F88B2BDAF2D80069ED7D /* SearchCardItem.swift */,
				B26FC5B32BDD95D9001A73B1 /* InputView.swift */,
				B26FC5B52BDDA1FC001A73B1 /* LoginButton.swift */,
				B243A8A12BDE2C1D000685F5 /* GoogleButton.swift */,
				B243A8A32BDE30B6000685F5 /* WaveUnderline.swift */,
				B243A8AB2BDE7797000685F5 /* PeanutShape.swift */,
				B2E86E2C2BE0234200ED4924 /* AnyRoundedCorner.swift */,
			);
			path = view;
			sourceTree = "<group>";
		};
		B22C33262BD5359300D6A63A /* viewModel */ = {
			isa = PBXGroup;
			children = (
				B22835A12BD78E560039E9CC /* AppViewModel.swift */,
			);
			path = viewModel;
			sourceTree = "<group>";
		};
		B22C332B2BD56B4D00D6A63A /* home */ = {
			isa = PBXGroup;
			children = (
				B22C332C2BD56B5500D6A63A /* model */,
				B22C33272BD5362400D6A63A /* HomeView.swift */,
			);
			path = home;
			sourceTree = "<group>";
		};
		B22C332C2BD56B5500D6A63A /* model */ = {
			isa = PBXGroup;
			children = (
				B22C33332BD57DF600D6A63A /* NewsCardColor.swift */,
			);
			path = model;
			sourceTree = "<group>";
		};
		B22C332F2BD56DD700D6A63A /* data */ = {
			isa = PBXGroup;
			children = (
				B228359B2BD788D70039E9CC /* api */,
				B26FC59A2BDD517D001A73B1 /* db */,
				B22C33302BD56DDB00D6A63A /* model */,
				841B0FB12BDBA2350047E442 /* repository */,
				B228359E2BD78BBB0039E9CC /* util */,
			);
			path = data;
			sourceTree = "<group>";
		};
		B22C33302BD56DDB00D6A63A /* model */ = {
			isa = PBXGroup;
			children = (
				B22C33312BD5754800D6A63A /* NewsFetch.swift */,
				B26FC59D2BDD5D13001A73B1 /* ArticleEntity.swift */,
				B213065F2BDE162B00D1CF1D /* User.swift */,
			);
			path = model;
			sourceTree = "<group>";
		};
		B22C33352BD5850D00D6A63A /* font */ = {
			isa = PBXGroup;
			children = (
				B22835A72BD7953B0039E9CC /* Outfit-Light.ttf */,
				B22C33392BD5853700D6A63A /* Outfit-Black.ttf */,
				B22C33362BD5853700D6A63A /* Outfit-Medium.ttf */,
				B22C33382BD5853700D6A63A /* Outfit-Regular.ttf */,
				B22C333E2BD5855500D6A63A /* Outfit-Bold.ttf */,
				B22C33402BD5859A00D6A63A /* FontExtension.swift */,
			);
			path = font;
			sourceTree = "<group>";
		};
		B22C33482BD58F7300D6A63A /* saved */ = {
			isa = PBXGroup;
			children = (
				B22C334C2BD58F9C00D6A63A /* SavedView.swift */,
			);
			path = saved;
			sourceTree = "<group>";
		};
		B22C33492BD58F8000D6A63A /* search */ = {
			isa = PBXGroup;
			children = (
				B22C334A2BD58F9200D6A63A /* SearchView.swift */,
			);
			path = search;
			sourceTree = "<group>";
		};
		B26FC59A2BDD517D001A73B1 /* db */ = {
			isa = PBXGroup;
			children = (
				B26FC59B2BDD54B3001A73B1 /* SlideNewsDatabase.swift */,
				B26FC59F2BDD6AFD001A73B1 /* NewsDao.swift */,
			);
			path = db;
			sourceTree = "<group>";
		};
		B26FC5AD2BDD8B52001A73B1 /* login */ = {
			isa = PBXGroup;
			children = (
				B26FC5AE2BDD8B70001A73B1 /* LoginView.swift */,
				B21306542BDE145400D1CF1D /* LoginViewModel.swift */,
			);
			path = login;
			sourceTree = "<group>";
		};
		B26FC5B02BDD8D7D001A73B1 /* util */ = {
			isa = PBXGroup;
			children = (
				B26FC5B12BDD8D90001A73B1 /* DateFormatter.swift */,
				B213066F2BDE1A9000D1CF1D /* TopViewUtil.swift */,
			);
			path = util;
			sourceTree = "<group>";
		};
		B2B818E92BD53204008EA638 = {
			isa = PBXGroup;
			children = (
				B2B818F42BD53204008EA638 /* SlideNews */,
				B2B818F32BD53204008EA638 /* Products */,
			);
			sourceTree = "<group>";
		};
		B2B818F32BD53204008EA638 /* Products */ = {
			isa = PBXGroup;
			children = (
				B2B818F22BD53204008EA638 /* SlideNews.app */,
			);
			name = Products;
			sourceTree = "<group>";
		};
		B2B818F42BD53204008EA638 /* SlideNews */ = {
			isa = PBXGroup;
			children = (
				B22C332F2BD56DD700D6A63A /* data */,
				B2B8F8832BDADA780069ED7D /* domain */,
				B22C33232BD5358000D6A63A /* presentation */,
				B2B818F52BD53204008EA638 /* SlideNewsApp.swift */,
				B2B818F92BD53206008EA638 /* Assets.xcassets */,
				B22C33422BD5867D00D6A63A /* Info.plist */,
				B26FC5C32BDDAB38001A73B1 /* GoogleService-Info.plist */,
				B2B818FB2BD53206008EA638 /* Preview Content */,
			);
			path = SlideNews;
			sourceTree = "<group>";
		};
		B2B818FB2BD53206008EA638 /* Preview Content */ = {
			isa = PBXGroup;
			children = (
				B2B818FC2BD53206008EA638 /* Preview Assets.xcassets */,
			);
			path = "Preview Content";
			sourceTree = "<group>";
		};
		B2B8F8832BDADA780069ED7D /* domain */ = {
			isa = PBXGroup;
			children = (
				B2B8F8852BDADA9E0069ED7D /* repository */,
				841B0FB02BDBA22B0047E442 /* usecase */,
			);
			path = domain;
			sourceTree = "<group>";
		};
		B2B8F8852BDADA9E0069ED7D /* repository */ = {
			isa = PBXGroup;
			children = (
				B2B8F8892BDADB0F0069ED7D /* NewsRepository.swift */,
				B21306562BDE153200D1CF1D /* AuthRepository.swift */,
			);
			path = repository;
			sourceTree = "<group>";
		};
		B2E86E292BE022CC00ED4924 /* extension */ = {
			isa = PBXGroup;
			children = (
				B2E86E2A2BE022E500ED4924 /* AuthenticationFormProtocol.swift */,
			);
			path = extension;
			sourceTree = "<group>";
		};
/* End PBXGroup section */

/* Begin PBXNativeTarget section */
		B2B818F12BD53204008EA638 /* SlideNews */ = {
			isa = PBXNativeTarget;
			buildConfigurationList = B2B819002BD53206008EA638 /* Build configuration list for PBXNativeTarget "SlideNews" */;
			buildPhases = (
				B2B818EE2BD53204008EA638 /* Sources */,
				B2B818EF2BD53204008EA638 /* Frameworks */,
				B2B818F02BD53204008EA638 /* Resources */,
			);
			buildRules = (
			);
			dependencies = (
			);
			name = SlideNews;
			packageProductDependencies = (
				B26FC5B82BDDAA85001A73B1 /* GoogleSignIn */,
				B26FC5BA2BDDAA85001A73B1 /* GoogleSignInSwift */,
				B26FC5BD2BDDAAF6001A73B1 /* FirebaseAuth */,
				B26FC5BF2BDDAAF6001A73B1 /* FirebaseFirestore */,
				B26FC5C12BDDAAF6001A73B1 /* FirebaseFirestoreSwift */,
			);
			productName = "Slide News";
			productReference = B2B818F22BD53204008EA638 /* SlideNews.app */;
			productType = "com.apple.product-type.application";
		};
/* End PBXNativeTarget section */

/* Begin PBXProject section */
		B2B818EA2BD53204008EA638 /* Project object */ = {
			isa = PBXProject;
			attributes = {
				BuildIndependentTargetsInParallel = 1;
				LastSwiftUpdateCheck = 1530;
				LastUpgradeCheck = 1530;
				TargetAttributes = {
					B2B818F12BD53204008EA638 = {
						CreatedOnToolsVersion = 15.3;
					};
				};
			};
			buildConfigurationList = B2B818ED2BD53204008EA638 /* Build configuration list for PBXProject "SlideNews" */;
			compatibilityVersion = "Xcode 14.0";
			developmentRegion = en;
			hasScannedForEncodings = 0;
			knownRegions = (
				en,
				Base,
			);
			mainGroup = B2B818E92BD53204008EA638;
			packageReferences = (
				B26FC5B72BDDAA85001A73B1 /* XCRemoteSwiftPackageReference "GoogleSignIn-iOS" */,
				B26FC5BC2BDDAAF6001A73B1 /* XCRemoteSwiftPackageReference "firebase-ios-sdk" */,
			);
			productRefGroup = B2B818F32BD53204008EA638 /* Products */;
			projectDirPath = "";
			projectRoot = "";
			targets = (
				B2B818F12BD53204008EA638 /* SlideNews */,
			);
		};
/* End PBXProject section */

/* Begin PBXResourcesBuildPhase section */
		B2B818F02BD53204008EA638 /* Resources */ = {
			isa = PBXResourcesBuildPhase;
			buildActionMask = 2147483647;
			files = (
				B2B818FD2BD53206008EA638 /* Preview Assets.xcassets in Resources */,
				B26FC5C42BDDAB38001A73B1 /* GoogleService-Info.plist in Resources */,
				B22C333A2BD5853700D6A63A /* Outfit-Medium.ttf in Resources */,
				B22C333F2BD5855500D6A63A /* Outfit-Bold.ttf in Resources */,
				B22C333C2BD5853700D6A63A /* Outfit-Regular.ttf in Resources */,
				B22835A82BD7953B0039E9CC /* Outfit-Light.ttf in Resources */,
				B2B818FA2BD53206008EA638 /* Assets.xcassets in Resources */,
				B22C333D2BD5853700D6A63A /* Outfit-Black.ttf in Resources */,
			);
			runOnlyForDeploymentPostprocessing = 0;
		};
/* End PBXResourcesBuildPhase section */

/* Begin PBXSourcesBuildPhase section */
		B2B818EE2BD53204008EA638 /* Sources */ = {
			isa = PBXSourcesBuildPhase;
			buildActionMask = 2147483647;
			files = (
				B22C33342BD57DF600D6A63A /* NewsCardColor.swift in Sources */,
				841B0FBD2BDBA3530047E442 /* GetAllNewsUseCase.swift in Sources */,
				841B0FC82BDBA4020047E442 /* NewsRemoteDataSourceImpl.swift in Sources */,
				B243A8AC2BDE7797000685F5 /* PeanutShape.swift in Sources */,
				B26FC5AA2BDD7EBE001A73B1 /* NewsLocalDataSourceImpl.swift in Sources */,
				B22C334B2BD58F9200D6A63A /* SearchView.swift in Sources */,
				B22C33322BD5754800D6A63A /* NewsFetch.swift in Sources */,
				B21306722BDE1AD700D1CF1D /* AuthError.swift in Sources */,
				B22835A22BD78E560039E9CC /* AppViewModel.swift in Sources */,
				841B0FC52BDBA3B40047E442 /* SaveNewsUseCase.swift in Sources */,
				B21306702BDE1A9000D1CF1D /* TopViewUtil.swift in Sources */,
				B213065A2BDE15DB00D1CF1D /* LoginEmailUseCase.swift in Sources */,
				B243A8A82BDE4021000685F5 /* NewsFirebaseDataSourceImpl.swift in Sources */,
				B21306552BDE145400D1CF1D /* LoginViewModel.swift in Sources */,
				841B0FB82BDBA2D80047E442 /* NewsRemoteDataSource.swift in Sources */,
				841B0FBF2BDBA36E0047E442 /* GetSearchNewsUseCase.swift in Sources */,
				B243A8A22BDE2C1D000685F5 /* GoogleButton.swift in Sources */,
				B26FC5A02BDD6AFD001A73B1 /* NewsDao.swift in Sources */,
				B21306682BDE16FA00D1CF1D /* AuthRepositoryImpl.swift in Sources */,
				B2E86E2D2BE0234200ED4924 /* AnyRoundedCorner.swift in Sources */,
				B22C33412BD5859A00D6A63A /* FontExtension.swift in Sources */,
				B2E86E2B2BE022E500ED4924 /* AuthenticationFormProtocol.swift in Sources */,
				B22C33462BD58F4D00D6A63A /* MainTabView.swift in Sources */,
				B22835A02BD78BCA0039E9CC /* APIError.swift in Sources */,
				B243A8A62BDE3F6F000685F5 /* NewsFirebaseDataSource.swift in Sources */,
				B21306572BDE153200D1CF1D /* AuthRepository.swift in Sources */,
				B213065C2BDE15E700D1CF1D /* GoogleLoginUseCase.swift in Sources */,
				B21306602BDE162B00D1CF1D /* User.swift in Sources */,
				B22C332E2BD56B7C00D6A63A /* NewsCard.swift in Sources */,
				B213065E2BDE15FA00D1CF1D /* FetchUserUseCase.swift in Sources */,
				841B0FC32BDBA39F0047E442 /* GetSavedNewsUseCase.swift in Sources */,
				B21306622BDE164F00D1CF1D /* CreateUserUseCase.swift in Sources */,
				B22C334D2BD58F9C00D6A63A /* SavedView.swift in Sources */,
				B26FC59C2BDD54B3001A73B1 /* SlideNewsDatabase.swift in Sources */,
				B22835A42BD78E880039E9CC /* AlertView.swift in Sources */,
				B26FC5AC2BDD8563001A73B1 /* DBError.swift in Sources */,
				B22C33282BD5362400D6A63A /* HomeView.swift in Sources */,
				B2B818F62BD53204008EA638 /* SlideNewsApp.swift in Sources */,
				B21306642BDE16B200D1CF1D /* SignOutUseCase.swift in Sources */,
				B26FC59E2BDD5D13001A73B1 /* ArticleEntity.swift in Sources */,
				B213066E2BDE1A1300D1CF1D /* FirebaseAuthDataSourceImpl.swift in Sources */,
				B243A8A42BDE30B6000685F5 /* WaveUnderline.swift in Sources */,
				841B0FB52BDBA2770047E442 /* NewsRepositoryImpl.swift in Sources */,
				B2B8F88A2BDADB0F0069ED7D /* NewsRepository.swift in Sources */,
				B26FC5B42BDD95D9001A73B1 /* InputView.swift in Sources */,
				B213066B2BDE19D900D1CF1D /* FirebaseAuthDataSource.swift in Sources */,
				B22C332A2BD569E200D6A63A /* ActionButton.swift in Sources */,
				B26FC5A62BDD7E6E001A73B1 /* NewsLocalDataSource.swift in Sources */,
				B26FC5B22BDD8D90001A73B1 /* DateFormatter.swift in Sources */,
				B22835AB2BD79CAF0039E9CC /* DetailView.swift in Sources */,
				B26FC5B62BDDA1FC001A73B1 /* LoginButton.swift in Sources */,
				B228359D2BD789390039E9CC /* NewsAPIService.swift in Sources */,
				B2B8F88C2BDAF2D80069ED7D /* SearchCardItem.swift in Sources */,
				B26FC5AF2BDD8B70001A73B1 /* LoginView.swift in Sources */,
				841B0FC12BDBA38E0047E442 /* DeleteSavedNewsUseCase.swift in Sources */,
				B21306662BDE16C000D1CF1D /* SaveUserUseCase.swift in Sources */,
			);
			runOnlyForDeploymentPostprocessing = 0;
		};
/* End PBXSourcesBuildPhase section */

/* Begin XCBuildConfiguration section */
		B2B818FE2BD53206008EA638 /* Debug */ = {
			isa = XCBuildConfiguration;
			buildSettings = {
				ALWAYS_SEARCH_USER_PATHS = NO;
				ASSETCATALOG_COMPILER_GENERATE_SWIFT_ASSET_SYMBOL_EXTENSIONS = YES;
				CLANG_ANALYZER_NONNULL = YES;
				CLANG_ANALYZER_NUMBER_OBJECT_CONVERSION = YES_AGGRESSIVE;
				CLANG_CXX_LANGUAGE_STANDARD = "gnu++20";
				CLANG_ENABLE_MODULES = YES;
				CLANG_ENABLE_OBJC_ARC = YES;
				CLANG_ENABLE_OBJC_WEAK = YES;
				CLANG_WARN_BLOCK_CAPTURE_AUTORELEASING = YES;
				CLANG_WARN_BOOL_CONVERSION = YES;
				CLANG_WARN_COMMA = YES;
				CLANG_WARN_CONSTANT_CONVERSION = YES;
				CLANG_WARN_DEPRECATED_OBJC_IMPLEMENTATIONS = YES;
				CLANG_WARN_DIRECT_OBJC_ISA_USAGE = YES_ERROR;
				CLANG_WARN_DOCUMENTATION_COMMENTS = YES;
				CLANG_WARN_EMPTY_BODY = YES;
				CLANG_WARN_ENUM_CONVERSION = YES;
				CLANG_WARN_INFINITE_RECURSION = YES;
				CLANG_WARN_INT_CONVERSION = YES;
				CLANG_WARN_NON_LITERAL_NULL_CONVERSION = YES;
				CLANG_WARN_OBJC_IMPLICIT_RETAIN_SELF = YES;
				CLANG_WARN_OBJC_LITERAL_CONVERSION = YES;
				CLANG_WARN_OBJC_ROOT_CLASS = YES_ERROR;
				CLANG_WARN_QUOTED_INCLUDE_IN_FRAMEWORK_HEADER = YES;
				CLANG_WARN_RANGE_LOOP_ANALYSIS = YES;
				CLANG_WARN_STRICT_PROTOTYPES = YES;
				CLANG_WARN_SUSPICIOUS_MOVE = YES;
				CLANG_WARN_UNGUARDED_AVAILABILITY = YES_AGGRESSIVE;
				CLANG_WARN_UNREACHABLE_CODE = YES;
				CLANG_WARN__DUPLICATE_METHOD_MATCH = YES;
				COPY_PHASE_STRIP = NO;
				DEBUG_INFORMATION_FORMAT = dwarf;
				ENABLE_STRICT_OBJC_MSGSEND = YES;
				ENABLE_TESTABILITY = YES;
				ENABLE_USER_SCRIPT_SANDBOXING = YES;
				GCC_C_LANGUAGE_STANDARD = gnu17;
				GCC_DYNAMIC_NO_PIC = NO;
				GCC_NO_COMMON_BLOCKS = YES;
				GCC_OPTIMIZATION_LEVEL = 0;
				GCC_PREPROCESSOR_DEFINITIONS = (
					"DEBUG=1",
					"$(inherited)",
				);
				GCC_WARN_64_TO_32_BIT_CONVERSION = YES;
				GCC_WARN_ABOUT_RETURN_TYPE = YES_ERROR;
				GCC_WARN_UNDECLARED_SELECTOR = YES;
				GCC_WARN_UNINITIALIZED_AUTOS = YES_AGGRESSIVE;
				GCC_WARN_UNUSED_FUNCTION = YES;
				GCC_WARN_UNUSED_VARIABLE = YES;
				IPHONEOS_DEPLOYMENT_TARGET = 17.4;
				LOCALIZATION_PREFERS_STRING_CATALOGS = YES;
				MTL_ENABLE_DEBUG_INFO = INCLUDE_SOURCE;
				MTL_FAST_MATH = YES;
				ONLY_ACTIVE_ARCH = YES;
				SDKROOT = iphoneos;
				SWIFT_ACTIVE_COMPILATION_CONDITIONS = "DEBUG $(inherited)";
				SWIFT_OPTIMIZATION_LEVEL = "-Onone";
			};
			name = Debug;
		};
		B2B818FF2BD53206008EA638 /* Release */ = {
			isa = XCBuildConfiguration;
			buildSettings = {
				ALWAYS_SEARCH_USER_PATHS = NO;
				ASSETCATALOG_COMPILER_GENERATE_SWIFT_ASSET_SYMBOL_EXTENSIONS = YES;
				CLANG_ANALYZER_NONNULL = YES;
				CLANG_ANALYZER_NUMBER_OBJECT_CONVERSION = YES_AGGRESSIVE;
				CLANG_CXX_LANGUAGE_STANDARD = "gnu++20";
				CLANG_ENABLE_MODULES = YES;
				CLANG_ENABLE_OBJC_ARC = YES;
				CLANG_ENABLE_OBJC_WEAK = YES;
				CLANG_WARN_BLOCK_CAPTURE_AUTORELEASING = YES;
				CLANG_WARN_BOOL_CONVERSION = YES;
				CLANG_WARN_COMMA = YES;
				CLANG_WARN_CONSTANT_CONVERSION = YES;
				CLANG_WARN_DEPRECATED_OBJC_IMPLEMENTATIONS = YES;
				CLANG_WARN_DIRECT_OBJC_ISA_USAGE = YES_ERROR;
				CLANG_WARN_DOCUMENTATION_COMMENTS = YES;
				CLANG_WARN_EMPTY_BODY = YES;
				CLANG_WARN_ENUM_CONVERSION = YES;
				CLANG_WARN_INFINITE_RECURSION = YES;
				CLANG_WARN_INT_CONVERSION = YES;
				CLANG_WARN_NON_LITERAL_NULL_CONVERSION = YES;
				CLANG_WARN_OBJC_IMPLICIT_RETAIN_SELF = YES;
				CLANG_WARN_OBJC_LITERAL_CONVERSION = YES;
				CLANG_WARN_OBJC_ROOT_CLASS = YES_ERROR;
				CLANG_WARN_QUOTED_INCLUDE_IN_FRAMEWORK_HEADER = YES;
				CLANG_WARN_RANGE_LOOP_ANALYSIS = YES;
				CLANG_WARN_STRICT_PROTOTYPES = YES;
				CLANG_WARN_SUSPICIOUS_MOVE = YES;
				CLANG_WARN_UNGUARDED_AVAILABILITY = YES_AGGRESSIVE;
				CLANG_WARN_UNREACHABLE_CODE = YES;
				CLANG_WARN__DUPLICATE_METHOD_MATCH = YES;
				COPY_PHASE_STRIP = NO;
				DEBUG_INFORMATION_FORMAT = "dwarf-with-dsym";
				ENABLE_NS_ASSERTIONS = NO;
				ENABLE_STRICT_OBJC_MSGSEND = YES;
				ENABLE_USER_SCRIPT_SANDBOXING = YES;
				GCC_C_LANGUAGE_STANDARD = gnu17;
				GCC_NO_COMMON_BLOCKS = YES;
				GCC_WARN_64_TO_32_BIT_CONVERSION = YES;
				GCC_WARN_ABOUT_RETURN_TYPE = YES_ERROR;
				GCC_WARN_UNDECLARED_SELECTOR = YES;
				GCC_WARN_UNINITIALIZED_AUTOS = YES_AGGRESSIVE;
				GCC_WARN_UNUSED_FUNCTION = YES;
				GCC_WARN_UNUSED_VARIABLE = YES;
				IPHONEOS_DEPLOYMENT_TARGET = 17.4;
				LOCALIZATION_PREFERS_STRING_CATALOGS = YES;
				MTL_ENABLE_DEBUG_INFO = NO;
				MTL_FAST_MATH = YES;
				SDKROOT = iphoneos;
				SWIFT_COMPILATION_MODE = wholemodule;
				VALIDATE_PRODUCT = YES;
			};
			name = Release;
		};
		B2B819012BD53206008EA638 /* Debug */ = {
			isa = XCBuildConfiguration;
			buildSettings = {
				ASSETCATALOG_COMPILER_APPICON_NAME = AppIcon;
				ASSETCATALOG_COMPILER_GLOBAL_ACCENT_COLOR_NAME = AccentColor;
				CODE_SIGN_STYLE = Automatic;
				CURRENT_PROJECT_VERSION = 1;
				DEVELOPMENT_ASSET_PATHS = "\"SlideNews/Preview Content\"";
				DEVELOPMENT_TEAM = C2U69GDD7A;
				ENABLE_PREVIEWS = YES;
				GENERATE_INFOPLIST_FILE = YES;
				INFOPLIST_FILE = SlideNews/Info.plist;
				INFOPLIST_KEY_CFBundleDisplayName = "Slide News";
				INFOPLIST_KEY_LSApplicationCategoryType = "public.app-category.news";
				INFOPLIST_KEY_UIApplicationSceneManifest_Generation = YES;
				INFOPLIST_KEY_UIApplicationSupportsIndirectInputEvents = YES;
				INFOPLIST_KEY_UILaunchScreen_Generation = YES;
				INFOPLIST_KEY_UISupportedInterfaceOrientations = UIInterfaceOrientationPortrait;
				INFOPLIST_KEY_UISupportedInterfaceOrientations_iPad = "UIInterfaceOrientationLandscapeLeft UIInterfaceOrientationLandscapeRight UIInterfaceOrientationPortrait UIInterfaceOrientationPortraitUpsideDown";
				INFOPLIST_KEY_UIUserInterfaceStyle = Dark;
				IPHONEOS_DEPLOYMENT_TARGET = 17.0;
				LD_RUNPATH_SEARCH_PATHS = (
					"$(inherited)",
					"@executable_path/Frameworks",
				);
				MARKETING_VERSION = 1.0;
				PRODUCT_BUNDLE_IDENTIFIER = com.firelord.slidenews;
				PRODUCT_NAME = "$(TARGET_NAME)";
				SUPPORTED_PLATFORMS = "iphoneos iphonesimulator";
				SUPPORTS_MACCATALYST = NO;
				SUPPORTS_MAC_DESIGNED_FOR_IPHONE_IPAD = NO;
				SUPPORTS_XR_DESIGNED_FOR_IPHONE_IPAD = NO;
				SWIFT_EMIT_LOC_STRINGS = YES;
				SWIFT_VERSION = 5.0;
				TARGETED_DEVICE_FAMILY = 1;
			};
			name = Debug;
		};
		B2B819022BD53206008EA638 /* Release */ = {
			isa = XCBuildConfiguration;
			buildSettings = {
				ASSETCATALOG_COMPILER_APPICON_NAME = AppIcon;
				ASSETCATALOG_COMPILER_GLOBAL_ACCENT_COLOR_NAME = AccentColor;
				CODE_SIGN_STYLE = Automatic;
				CURRENT_PROJECT_VERSION = 1;
				DEVELOPMENT_ASSET_PATHS = "\"Slide News/Preview Content\"";
				DEVELOPMENT_TEAM = C2U69GDD7A;
				ENABLE_PREVIEWS = YES;
				GENERATE_INFOPLIST_FILE = YES;
				INFOPLIST_FILE = SlideNews/Info.plist;
				INFOPLIST_KEY_CFBundleDisplayName = "Slide News";
				INFOPLIST_KEY_LSApplicationCategoryType = "public.app-category.news";
				INFOPLIST_KEY_UIApplicationSceneManifest_Generation = YES;
				INFOPLIST_KEY_UIApplicationSupportsIndirectInputEvents = YES;
				INFOPLIST_KEY_UILaunchScreen_Generation = YES;
				INFOPLIST_KEY_UISupportedInterfaceOrientations = UIInterfaceOrientationPortrait;
				INFOPLIST_KEY_UISupportedInterfaceOrientations_iPad = "UIInterfaceOrientationLandscapeLeft UIInterfaceOrientationLandscapeRight UIInterfaceOrientationPortrait UIInterfaceOrientationPortraitUpsideDown";
				INFOPLIST_KEY_UIUserInterfaceStyle = Dark;
				IPHONEOS_DEPLOYMENT_TARGET = 17.0;
				LD_RUNPATH_SEARCH_PATHS = (
					"$(inherited)",
					"@executable_path/Frameworks",
				);
				MARKETING_VERSION = 1.0;
				PRODUCT_BUNDLE_IDENTIFIER = com.firelord.slidenews;
				PRODUCT_NAME = "$(TARGET_NAME)";
				SUPPORTED_PLATFORMS = "iphoneos iphonesimulator";
				SUPPORTS_MACCATALYST = NO;
				SUPPORTS_MAC_DESIGNED_FOR_IPHONE_IPAD = NO;
				SUPPORTS_XR_DESIGNED_FOR_IPHONE_IPAD = NO;
				SWIFT_EMIT_LOC_STRINGS = YES;
				SWIFT_VERSION = 5.0;
				TARGETED_DEVICE_FAMILY = 1;
			};
			name = Release;
		};
/* End XCBuildConfiguration section */

/* Begin XCConfigurationList section */
		B2B818ED2BD53204008EA638 /* Build configuration list for PBXProject "SlideNews" */ = {
			isa = XCConfigurationList;
			buildConfigurations = (
				B2B818FE2BD53206008EA638 /* Debug */,
				B2B818FF2BD53206008EA638 /* Release */,
			);
			defaultConfigurationIsVisible = 0;
			defaultConfigurationName = Release;
		};
		B2B819002BD53206008EA638 /* Build configuration list for PBXNativeTarget "SlideNews" */ = {
			isa = XCConfigurationList;
			buildConfigurations = (
				B2B819012BD53206008EA638 /* Debug */,
				B2B819022BD53206008EA638 /* Release */,
			);
			defaultConfigurationIsVisible = 0;
			defaultConfigurationName = Release;
		};
/* End XCConfigurationList section */

/* Begin XCRemoteSwiftPackageReference section */
		B26FC5B72BDDAA85001A73B1 /* XCRemoteSwiftPackageReference "GoogleSignIn-iOS" */ = {
			isa = XCRemoteSwiftPackageReference;
			repositoryURL = "https://github.com/google/GoogleSignIn-iOS";
			requirement = {
				kind = upToNextMajorVersion;
				minimumVersion = 7.1.0;
			};
		};
		B26FC5BC2BDDAAF6001A73B1 /* XCRemoteSwiftPackageReference "firebase-ios-sdk" */ = {
			isa = XCRemoteSwiftPackageReference;
			repositoryURL = "https://github.com/firebase/firebase-ios-sdk";
			requirement = {
				kind = upToNextMajorVersion;
				minimumVersion = 10.24.0;
			};
		};
/* End XCRemoteSwiftPackageReference section */

/* Begin XCSwiftPackageProductDependency section */
		B26FC5B82BDDAA85001A73B1 /* GoogleSignIn */ = {
			isa = XCSwiftPackageProductDependency;
			package = B26FC5B72BDDAA85001A73B1 /* XCRemoteSwiftPackageReference "GoogleSignIn-iOS" */;
			productName = GoogleSignIn;
		};
		B26FC5BA2BDDAA85001A73B1 /* GoogleSignInSwift */ = {
			isa = XCSwiftPackageProductDependency;
			package = B26FC5B72BDDAA85001A73B1 /* XCRemoteSwiftPackageReference "GoogleSignIn-iOS" */;
			productName = GoogleSignInSwift;
		};
		B26FC5BD2BDDAAF6001A73B1 /* FirebaseAuth */ = {
			isa = XCSwiftPackageProductDependency;
			package = B26FC5BC2BDDAAF6001A73B1 /* XCRemoteSwiftPackageReference "firebase-ios-sdk" */;
			productName = FirebaseAuth;
		};
		B26FC5BF2BDDAAF6001A73B1 /* FirebaseFirestore */ = {
			isa = XCSwiftPackageProductDependency;
			package = B26FC5BC2BDDAAF6001A73B1 /* XCRemoteSwiftPackageReference "firebase-ios-sdk" */;
			productName = FirebaseFirestore;
		};
		B26FC5C12BDDAAF6001A73B1 /* FirebaseFirestoreSwift */ = {
			isa = XCSwiftPackageProductDependency;
			package = B26FC5BC2BDDAAF6001A73B1 /* XCRemoteSwiftPackageReference "firebase-ios-sdk" */;
			productName = FirebaseFirestoreSwift;
		};
/* End XCSwiftPackageProductDependency section */
	};
	rootObject = B2B818EA2BD53204008EA638 /* Project object */;
}
